
Microsoft Visual Studio Solution File, Format Version 12.00
# Visual Studio 15
Project("{FAE04EC0-301F-11D3-BF4B-00C04F79EFBC}") = "New Unity Project (3)", "New Unity Project (3).csproj", "{C4F160A6-C5EA-6582-B4AC-06AD50DE0F9F}"
EndProject
Project("{FAE04EC0-301F-11D3-BF4B-00C04F79EFBC}") = "New Unity Project (3).Editor", "New Unity Project (3).Editor.csproj", "{8E7C5F4F-87EF-8D23-FCED-FF0820198724}"
EndProject
Global
	GlobalSection(SolutionConfigurationPlatforms) = preSolution
		Debug|Any CPU = Debug|Any CPU
		Release|Any CPU = Release|Any CPU
	EndGlobalSection
	GlobalSection(ProjectConfigurationPlatforms) = postSolution
		{C4F160A6-C5EA-6582-B4AC-06AD50DE0F9F}.Debug|Any CPU.ActiveCfg = Debug|Any CPU
		{C4F160A6-C5EA-6582-B4AC-06AD50DE0F9F}.Debug|Any CPU.Build.0 = Debug|Any CPU
		{C4F160A6-C5EA-6582-B4AC-06AD50DE0F9F}.Release|Any CPU.ActiveCfg = Release|Any CPU
		{C4F160A6-C5EA-6582-B4AC-06AD50DE0F9F}.Release|Any CPU.Build.0 = Release|Any CPU
		{8E7C5F4F-87EF-8D23-FCED-FF0820198724}.Debug|Any CPU.ActiveCfg = Debug|Any CPU
		{8E7C5F4F-87EF-8D23-FCED-FF0820198724}.Debug|Any CPU.Build.0 = Debug|Any CPU
		{8E7C5F4F-87EF-8D23-FCED-FF0820198724}.Release|Any CPU.ActiveCfg = Release|Any CPU
		{8E7C5F4F-87EF-8D23-FCED-FF0820198724}.Release|Any CPU.Build.0 = Release|Any CPU
	EndGlobalSection
	GlobalSection(SolutionProperties) = preSolution
		HideSolutionNode = FALSE
	EndGlobalSection
EndGlobal
